
Microsoft Visual Studio Solution File, Format Version 12.00
# Visual Studio 15
VisualStudioVersion = 15.0.28307.168
MinimumVisualStudioVersion = 10.0.40219.1
Project("{FAE04EC0-301F-11D3-BF4B-00C04F79EFBC}") = "ExcelExporter", "ExcelExporter\ExcelExporter.csproj", "{ED62F7E2-2A01-4F0E-9A19-F1836B5D19C2}"
EndProject
Global
	GlobalSection(SolutionConfigurationPlatforms) = preSolution
		Debug|Any CPU = Debug|Any CPU
		Release|Any CPU = Release|Any CPU
	EndGlobalSection
	GlobalSection(ProjectConfigurationPlatforms) = postSolution
		{ED62F7E2-2A01-4F0E-9A19-F1836B5D19C2}.Debug|Any CPU.ActiveCfg = Debug|Any CPU
		{ED62F7E2-2A01-4F0E-9A19-F1836B5D19C2}.Debug|Any CPU.Build.0 = Debug|Any CPU
		{ED62F7E2-2A01-4F0E-9A19-F1836B5D19C2}.Release|Any CPU.ActiveCfg = Release|Any CPU
		{ED62F7E2-2A01-4F0E-9A19-F1836B5D19C2}.Release|Any CPU.Build.0 = Release|Any CPU
	EndGlobalSection
	GlobalSection(SolutionProperties) = preSolution
		HideSolutionNode = FALSE
	EndGlobalSection
	GlobalSection(ExtensibilityGlobals) = postSolution
		SolutionGuid = {81ADD722-875B-4A2B-B8AD-3C06A7BFAF22}
	EndGlobalSection
EndGlobal
